// !$*UTF8*$!
{
	archiveVersion = 1;
	classes = {
	};
	objectVersion = 50;
	objects = {

/* Begin PBXBuildFile section */
		3778D04620CE56EC00C5EDE9 /* AppDelegate.m in Sources */ = {isa = PBXBuildFile; fileRef = 3778D04520CE56EC00C5EDE9 /* AppDelegate.m */; };
		3778D04920CE56EC00C5EDE9 /* ViewController.m in Sources */ = {isa = PBXBuildFile; fileRef = 3778D04820CE56EC00C5EDE9 /* ViewController.m */; };
		3778D04C20CE56EC00C5EDE9 /* Main.storyboard in Resources */ = {isa = PBXBuildFile; fileRef = 3778D04A20CE56EC00C5EDE9 /* Main.storyboard */; };
		3778D04E20CE56ED00C5EDE9 /* Assets.xcassets in Resources */ = {isa = PBXBuildFile; fileRef = 3778D04D20CE56ED00C5EDE9 /* Assets.xcassets */; };
		3778D05120CE56ED00C5EDE9 /* LaunchScreen.storyboard in Resources */ = {isa = PBXBuildFile; fileRef = 3778D04F20CE56ED00C5EDE9 /* LaunchScreen.storyboard */; };
		3778D05420CE56ED00C5EDE9 /* main.m in Sources */ = {isa = PBXBuildFile; fileRef = 3778D05320CE56ED00C5EDE9 /* main.m */; };
		3778D05E20CE56ED00C5EDE9 /* TargetsTestTests.m in Sources */ = {isa = PBXBuildFile; fileRef = 3778D05D20CE56ED00C5EDE9 /* TargetsTestTests.m */; };
		3778D06920CE56ED00C5EDE9 /* TargetsTestUITests.m in Sources */ = {isa = PBXBuildFile; fileRef = 3778D06820CE56ED00C5EDE9 /* TargetsTestUITests.m */; };
		3778D07820CE56F400C5EDE9 /* ViewController.m in Sources */ = {isa = PBXBuildFile; fileRef = 3778D04820CE56EC00C5EDE9 /* ViewController.m */; };
		3778D07920CE56F400C5EDE9 /* main.m in Sources */ = {isa = PBXBuildFile; fileRef = 3778D05320CE56ED00C5EDE9 /* main.m */; };
		3778D07A20CE56F400C5EDE9 /* AppDelegate.m in Sources */ = {isa = PBXBuildFile; fileRef = 3778D04520CE56EC00C5EDE9 /* AppDelegate.m */; };
		3778D07D20CE56F400C5EDE9 /* LaunchScreen.storyboard in Resources */ = {isa = PBXBuildFile; fileRef = 3778D04F20CE56ED00C5EDE9 /* LaunchScreen.storyboard */; };
		3778D07E20CE56F400C5EDE9 /* Assets.xcassets in Resources */ = {isa = PBXBuildFile; fileRef = 3778D04D20CE56ED00C5EDE9 /* Assets.xcassets */; };
		3778D07F20CE56F400C5EDE9 /* Main.storyboard in Resources */ = {isa = PBXBuildFile; fileRef = 3778D04A20CE56EC00C5EDE9 /* Main.storyboard */; };
/* End PBXBuildFile section */

/* Begin PBXContainerItemProxy section */
		3778D05A20CE56ED00C5EDE9 /* PBXContainerItemProxy */ = {
			isa = PBXContainerItemProxy;
			containerPortal = 3778D03920CE56EC00C5EDE9 /* Project object */;
			proxyType = 1;
			remoteGlobalIDString = 3778D04020CE56EC00C5EDE9;
			remoteInfo = TargetsTest;
		};
		3778D06520CE56ED00C5EDE9 /* PBXContainerItemProxy */ = {
			isa = PBXContainerItemProxy;
			containerPortal = 3778D03920CE56EC00C5EDE9 /* Project object */;
			proxyType = 1;
			remoteGlobalIDString = 3778D04020CE56EC00C5EDE9;
			remoteInfo = TargetsTest;
		};
/* End PBXContainerItemProxy section */

/* Begin PBXFileReference section */
		3778D04120CE56EC00C5EDE9 /* TargetsTest.app */ = {isa = PBXFileReference; explicitFileType = wrapper.application; includeInIndex = 0; path = TargetsTest.app; sourceTree = BUILT_PRODUCTS_DIR; };
		3778D04420CE56EC00C5EDE9 /* AppDelegate.h */ = {isa = PBXFileReference; lastKnownFileType = sourcecode.c.h; path = AppDelegate.h; sourceTree = "<group>"; };
		3778D04520CE56EC00C5EDE9 /* AppDelegate.m */ = {isa = PBXFileReference; lastKnownFileType = sourcecode.c.objc; path = AppDelegate.m; sourceTree = "<group>"; };
		3778D04720CE56EC00C5EDE9 /* ViewController.h */ = {isa = PBXFileReference; lastKnownFileType = sourcecode.c.h; path = ViewController.h; sourceTree = "<group>"; };
		3778D04820CE56EC00C5EDE9 /* ViewController.m */ = {isa = PBXFileReference; lastKnownFileType = sourcecode.c.objc; path = ViewController.m; sourceTree = "<group>"; };
		3778D04B20CE56EC00C5EDE9 /* Base */ = {isa = PBXFileReference; lastKnownFileType = file.storyboard; name = Base; path = Base.lproj/Main.storyboard; sourceTree = "<group>"; };
		3778D04D20CE56ED00C5EDE9 /* Assets.xcassets */ = {isa = PBXFileReference; lastKnownFileType = folder.assetcatalog; path = Assets.xcassets; sourceTree = "<group>"; };
		3778D05020CE56ED00C5EDE9 /* Base */ = {isa = PBXFileReference; lastKnownFileType = file.storyboard; name = Base; path = Base.lproj/LaunchScreen.storyboard; sourceTree = "<group>"; };
		3778D05220CE56ED00C5EDE9 /* Info.plist */ = {isa = PBXFileReference; lastKnownFileType = text.plist.xml; path = Info.plist; sourceTree = "<group>"; };
		3778D05320CE56ED00C5EDE9 /* main.m */ = {isa = PBXFileReference; lastKnownFileType = sourcecode.c.objc; path = main.m; sourceTree = "<group>"; };
		3778D05920CE56ED00C5EDE9 /* TargetsTestTests.xctest */ = {isa = PBXFileReference; explicitFileType = wrapper.cfbundle; includeInIndex = 0; path = TargetsTestTests.xctest; sourceTree = BUILT_PRODUCTS_DIR; };
		3778D05D20CE56ED00C5EDE9 /* TargetsTestTests.m */ = {isa = PBXFileReference; lastKnownFileType = sourcecode.c.objc; path = TargetsTestTests.m; sourceTree = "<group>"; };
		3778D05F20CE56ED00C5EDE9 /* Info.plist */ = {isa = PBXFileReference; lastKnownFileType = text.plist.xml; path = Info.plist; sourceTree = "<group>"; };
		3778D06420CE56ED00C5EDE9 /* TargetsTestUITests.xctest */ = {isa = PBXFileReference; explicitFileType = wrapper.cfbundle; includeInIndex = 0; path = TargetsTestUITests.xctest; sourceTree = BUILT_PRODUCTS_DIR; };
		3778D06820CE56ED00C5EDE9 /* TargetsTestUITests.m */ = {isa = PBXFileReference; lastKnownFileType = sourcecode.c.objc; path = TargetsTestUITests.m; sourceTree = "<group>"; };
		3778D06A20CE56ED00C5EDE9 /* Info.plist */ = {isa = PBXFileReference; lastKnownFileType = text.plist.xml; path = Info.plist; sourceTree = "<group>"; };
		3778D08320CE56F400C5EDE9 /* TargetsTestNew.app */ = {isa = PBXFileReference; explicitFileType = wrapper.application; includeInIndex = 0; path = TargetsTestNew.app; sourceTree = BUILT_PRODUCTS_DIR; };
		3778D08420CE56F400C5EDE9 /* TargetsTest copy-Info.plist */ = {isa = PBXFileReference; lastKnownFileType = text.plist.xml; name = "TargetsTest copy-Info.plist"; path = "/Users/zql/Desktop/TargetsTest/TargetsTest copy-Info.plist"; sourceTree = "<absolute>"; };
/* End PBXFileReference section */

/* Begin PBXFrameworksBuildPhase section */
		3778D03E20CE56EC00C5EDE9 /* Frameworks */ = {
			isa = PBXFrameworksBuildPhase;
			buildActionMask = 2147483647;
			files = (
			);
			runOnlyForDeploymentPostprocessing = 0;
		};
		3778D05620CE56ED00C5EDE9 /* Frameworks */ = {
			isa = PBXFrameworksBuildPhase;
			buildActionMask = 2147483647;
			files = (
			);
			runOnlyForDeploymentPostprocessing = 0;
		};
		3778D06120CE56ED00C5EDE9 /* Frameworks */ = {
			isa = PBXFrameworksBuildPhase;
			buildActionMask = 2147483647;
			files = (
			);
			runOnlyForDeploymentPostprocessing = 0;
		};
		3778D07B20CE56F400C5EDE9 /* Frameworks */ = {
			isa = PBXFrameworksBuildPhase;
			buildActionMask = 2147483647;
			files = (
			);
			runOnlyForDeploymentPostprocessing = 0;
		};
/* End PBXFrameworksBuildPhase section */

/* Begin PBXGroup section */
		3778D03820CE56EC00C5EDE9 = {
			isa = PBXGroup;
			children = (
				3778D04320CE56EC00C5EDE9 /* TargetsTest */,
				3778D05C20CE56ED00C5EDE9 /* TargetsTestTests */,
				3778D06720CE56ED00C5EDE9 /* TargetsTestUITests */,
				3778D04220CE56EC00C5EDE9 /* Products */,
				3778D08420CE56F400C5EDE9 /* TargetsTest copy-Info.plist */,
			);
			sourceTree = "<group>";
		};
		3778D04220CE56EC00C5EDE9 /* Products */ = {
			isa = PBXGroup;
			children = (
				3778D04120CE56EC00C5EDE9 /* TargetsTest.app */,
				3778D05920CE56ED00C5EDE9 /* TargetsTestTests.xctest */,
				3778D06420CE56ED00C5EDE9 /* TargetsTestUITests.xctest */,
				3778D08320CE56F400C5EDE9 /* TargetsTestNew.app */,
			);
			name = Products;
			sourceTree = "<group>";
		};
		3778D04320CE56EC00C5EDE9 /* TargetsTest */ = {
			isa = PBXGroup;
			children = (
				3778D04420CE56EC00C5EDE9 /* AppDelegate.h */,
				3778D04520CE56EC00C5EDE9 /* AppDelegate.m */,
				3778D04720CE56EC00C5EDE9 /* ViewController.h */,
				3778D04820CE56EC00C5EDE9 /* ViewController.m */,
				3778D04A20CE56EC00C5EDE9 /* Main.storyboard */,
				3778D04D20CE56ED00C5EDE9 /* Assets.xcassets */,
				3778D04F20CE56ED00C5EDE9 /* LaunchScreen.storyboard */,
				3778D05220CE56ED00C5EDE9 /* Info.plist */,
				3778D05320CE56ED00C5EDE9 /* main.m */,
			);
			path = TargetsTest;
			sourceTree = "<group>";
		};
		3778D05C20CE56ED00C5EDE9 /* TargetsTestTests */ = {
			isa = PBXGroup;
			children = (
				3778D05D20CE56ED00C5EDE9 /* TargetsTestTests.m */,
				3778D05F20CE56ED00C5EDE9 /* Info.plist */,
			);
			path = TargetsTestTests;
			sourceTree = "<group>";
		};
		3778D06720CE56ED00C5EDE9 /* TargetsTestUITests */ = {
			isa = PBXGroup;
			children = (
				3778D06820CE56ED00C5EDE9 /* TargetsTestUITests.m */,
				3778D06A20CE56ED00C5EDE9 /* Info.plist */,
			);
			path = TargetsTestUITests;
			sourceTree = "<group>";
		};
/* End PBXGroup section */

/* Begin PBXNativeTarget section */
		3778D04020CE56EC00C5EDE9 /* TargetsTest */ = {
			isa = PBXNativeTarget;
			buildConfigurationList = 3778D06D20CE56ED00C5EDE9 /* Build configuration list for PBXNativeTarget "TargetsTest" */;
			buildPhases = (
				3778D03D20CE56EC00C5EDE9 /* Sources */,
				3778D03E20CE56EC00C5EDE9 /* Frameworks */,
				3778D03F20CE56EC00C5EDE9 /* Resources */,
			);
			buildRules = (
			);
			dependencies = (
			);
			name = TargetsTest;
			productName = TargetsTest;
			productReference = 3778D04120CE56EC00C5EDE9 /* TargetsTest.app */;
			productType = "com.apple.product-type.application";
		};
		3778D05820CE56ED00C5EDE9 /* TargetsTestTests */ = {
			isa = PBXNativeTarget;
			buildConfigurationList = 3778D07020CE56ED00C5EDE9 /* Build configuration list for PBXNativeTarget "TargetsTestTests" */;
			buildPhases = (
				3778D05520CE56ED00C5EDE9 /* Sources */,
				3778D05620CE56ED00C5EDE9 /* Frameworks */,
				3778D05720CE56ED00C5EDE9 /* Resources */,
			);
			buildRules = (
			);
			dependencies = (
				3778D05B20CE56ED00C5EDE9 /* PBXTargetDependency */,
			);
			name = TargetsTestTests;
			productName = TargetsTestTests;
			productReference = 3778D05920CE56ED00C5EDE9 /* TargetsTestTests.xctest */;
			productType = "com.apple.product-type.bundle.unit-test";
		};
		3778D06320CE56ED00C5EDE9 /* TargetsTestUITests */ = {
			isa = PBXNativeTarget;
			buildConfigurationList = 3778D07320CE56ED00C5EDE9 /* Build configuration list for PBXNativeTarget "TargetsTestUITests" */;
			buildPhases = (
				3778D06020CE56ED00C5EDE9 /* Sources */,
				3778D06120CE56ED00C5EDE9 /* Frameworks */,
				3778D06220CE56ED00C5EDE9 /* Resources */,
			);
			buildRules = (
			);
			dependencies = (
				3778D06620CE56ED00C5EDE9 /* PBXTargetDependency */,
			);
			name = TargetsTestUITests;
			productName = TargetsTestUITests;
			productReference = 3778D06420CE56ED00C5EDE9 /* TargetsTestUITests.xctest */;
			productType = "com.apple.product-type.bundle.ui-testing";
		};
		3778D07620CE56F400C5EDE9 /* TargetsTestNew */ = {
			isa = PBXNativeTarget;
			buildConfigurationList = 3778D08020CE56F400C5EDE9 /* Build configuration list for PBXNativeTarget "TargetsTestNew" */;
			buildPhases = (
				3778D07720CE56F400C5EDE9 /* Sources */,
				3778D07B20CE56F400C5EDE9 /* Frameworks */,
				3778D07C20CE56F400C5EDE9 /* Resources */,
			);
			buildRules = (
			);
			dependencies = (
			);
			name = TargetsTestNew;
			productName = TargetsTest;
			productReference = 3778D08320CE56F400C5EDE9 /* TargetsTestNew.app */;
			productType = "com.apple.product-type.application";
		};
/* End PBXNativeTarget section */

/* Begin PBXProject section */
		3778D03920CE56EC00C5EDE9 /* Project object */ = {
			isa = PBXProject;
			attributes = {
				LastUpgradeCheck = 0940;
				ORGANIZATIONNAME = zhuqinlu;
				TargetAttributes = {
					3778D04020CE56EC00C5EDE9 = {
						CreatedOnToolsVersion = 9.4;
					};
					3778D05820CE56ED00C5EDE9 = {
						CreatedOnToolsVersion = 9.4;
						TestTargetID = 3778D04020CE56EC00C5EDE9;
					};
					3778D06320CE56ED00C5EDE9 = {
						CreatedOnToolsVersion = 9.4;
						TestTargetID = 3778D04020CE56EC00C5EDE9;
					};
				};
			};
			buildConfigurationList = 3778D03C20CE56EC00C5EDE9 /* Build configuration list for PBXProject "TargetsTest" */;
			compatibilityVersion = "Xcode 9.3";
			developmentRegion = en;
			hasScannedForEncodings = 0;
			knownRegions = (
				en,
				Base,
			);
			mainGroup = 3778D03820CE56EC00C5EDE9;
			productRefGroup = 3778D04220CE56EC00C5EDE9 /* Products */;
			projectDirPath = "";
			projectRoot = "";
			targets = (
				3778D04020CE56EC00C5EDE9 /* TargetsTest */,
				3778D05820CE56ED00C5EDE9 /* TargetsTestTests */,
				3778D06320CE56ED00C5EDE9 /* TargetsTestUITests */,
				3778D07620CE56F400C5EDE9 /* TargetsTestNew */,
			);
		};
/* End PBXProject section */

/* Begin PBXResourcesBuildPhase section */
		3778D03F20CE56EC00C5EDE9 /* Resources */ = {
			isa = PBXResourcesBuildPhase;
			buildActionMask = 2147483647;
			files = (
				3778D05120CE56ED00C5EDE9 /* LaunchScreen.storyboard in Resources */,
				3778D04E20CE56ED00C5EDE9 /* Assets.xcassets in Resources */,
				3778D04C20CE56EC00C5EDE9 /* Main.storyboard in Resources */,
			);
			runOnlyForDeploymentPostprocessing = 0;
		};
		3778D05720CE56ED00C5EDE9 /* Resources */ = {
			isa = PBXResourcesBuildPhase;
			buildActionMask = 2147483647;
			files = (
			);
			runOnlyForDeploymentPostprocessing = 0;
		};
		3778D06220CE56ED00C5EDE9 /* Resources */ = {
			isa = PBXResourcesBuildPhase;
			buildActionMask = 2147483647;
			files = (
			);
			runOnlyForDeploymentPostprocessing = 0;
		};
		3778D07C20CE56F400C5EDE9 /* Resources */ = {
			isa = PBXResourcesBuildPhase;
			buildActionMask = 2147483647;
			files = (
				3778D07D20CE56F400C5EDE9 /* LaunchScreen.storyboard in Resources */,
				3778D07E20CE56F400C5EDE9 /* Assets.xcassets in Resources */,
				3778D07F20CE56F400C5EDE9 /* Main.storyboard in Resources */,
			);
			runOnlyForDeploymentPostprocessing = 0;
		};
/* End PBXResourcesBuildPhase section */

/* Begin PBXSourcesBuildPhase section */
		3778D03D20CE56EC00C5EDE9 /* Sources */ = {
			isa = PBXSourcesBuildPhase;
			buildActionMask = 2147483647;
			files = (
				3778D04920CE56EC00C5EDE9 /* ViewController.m in Sources */,
				3778D05420CE56ED00C5EDE9 /* main.m in Sources */,
				3778D04620CE56EC00C5EDE9 /* AppDelegate.m in Sources */,
			);
			runOnlyForDeploymentPostprocessing = 0;
		};
		3778D05520CE56ED00C5EDE9 /* Sources */ = {
			isa = PBXSourcesBuildPhase;
			buildActionMask = 2147483647;
			files = (
				3778D05E20CE56ED00C5EDE9 /* TargetsTestTests.m in Sources */,
			);
			runOnlyForDeploymentPostprocessing = 0;
		};
		3778D06020CE56ED00C5EDE9 /* Sources */ = {
			isa = PBXSourcesBuildPhase;
			buildActionMask = 2147483647;
			files = (
				3778D06920CE56ED00C5EDE9 /* TargetsTestUITests.m in Sources */,
			);
			runOnlyForDeploymentPostprocessing = 0;
		};
		3778D07720CE56F400C5EDE9 /* Sources */ = {
			isa = PBXSourcesBuildPhase;
			buildActionMask = 2147483647;
			files = (
				3778D07820CE56F400C5EDE9 /* ViewController.m in Sources */,
				3778D07920CE56F400C5EDE9 /* main.m in Sources */,
				3778D07A20CE56F400C5EDE9 /* AppDelegate.m in Sources */,
			);
			runOnlyForDeploymentPostprocessing = 0;
		};
/* End PBXSourcesBuildPhase section */

/* Begin PBXTargetDependency section */
		3778D05B20CE56ED00C5EDE9 /* PBXTargetDependency */ = {
			isa = PBXTargetDependency;
			target = 3778D04020CE56EC00C5EDE9 /* TargetsTest */;
			targetProxy = 3778D05A20CE56ED00C5EDE9 /* PBXContainerItemProxy */;
		};
		3778D06620CE56ED00C5EDE9 /* PBXTargetDependency */ = {
			isa = PBXTargetDependency;
			target = 3778D04020CE56EC00C5EDE9 /* TargetsTest */;
			targetProxy = 3778D06520CE56ED00C5EDE9 /* PBXContainerItemProxy */;
		};
/* End PBXTargetDependency section */

/* Begin PBXVariantGroup section */
		3778D04A20CE56EC00C5EDE9 /* Main.storyboard */ = {
			isa = PBXVariantGroup;
			children = (
				3778D04B20CE56EC00C5EDE9 /* Base */,
			);
			name = Main.storyboard;
			sourceTree = "<group>";
		};
		3778D04F20CE56ED00C5EDE9 /* LaunchScreen.storyboard */ = {
			isa = PBXVariantGroup;
			children = (
				3778D05020CE56ED00C5EDE9 /* Base */,
			);
			name = LaunchScreen.storyboard;
			sourceTree = "<group>";
		};
/* End PBXVariantGroup section */

/* Begin XCBuildConfiguration section */
		3778D06B20CE56ED00C5EDE9 /* Debug */ = {
			isa = XCBuildConfiguration;
			buildSettings = {
				ALWAYS_SEARCH_USER_PATHS = NO;
				CLANG_ANALYZER_NONNULL = YES;
				CLANG_ANALYZER_NUMBER_OBJECT_CONVERSION = YES_AGGRESSIVE;
				CLANG_CXX_LANGUAGE_STANDARD = "gnu++14";
				CLANG_CXX_LIBRARY = "libc++";
				CLANG_ENABLE_MODULES = YES;
				CLANG_ENABLE_OBJC_ARC = YES;
				CLANG_ENABLE_OBJC_WEAK = YES;
				CLANG_WARN_BLOCK_CAPTURE_AUTORELEASING = YES;
				CLANG_WARN_BOOL_CONVERSION = YES;
				CLANG_WARN_COMMA = YES;
				CLANG_WARN_CONSTANT_CONVERSION = YES;
				CLANG_WARN_DEPRECATED_OBJC_IMPLEMENTATIONS = YES;
				CLANG_WARN_DIRECT_OBJC_ISA_USAGE = YES_ERROR;
				CLANG_WARN_DOCUMENTATION_COMMENTS = YES;
				CLANG_WARN_EMPTY_BODY = YES;
				CLANG_WARN_ENUM_CONVERSION = YES;
				CLANG_WARN_INFINITE_RECURSION = YES;
				CLANG_WARN_INT_CONVERSION = YES;
				CLANG_WARN_NON_LITERAL_NULL_CONVERSION = YES;
				CLANG_WARN_OBJC_IMPLICIT_RETAIN_SELF = YES;
				CLANG_WARN_OBJC_LITERAL_CONVERSION = YES;
				CLANG_WARN_OBJC_ROOT_CLASS = YES_ERROR;
				CLANG_WARN_RANGE_LOOP_ANALYSIS = YES;
				CLANG_WARN_STRICT_PROTOTYPES = YES;
				CLANG_WARN_SUSPICIOUS_MOVE = YES;
				CLANG_WARN_UNGUARDED_AVAILABILITY = YES_AGGRESSIVE;
				CLANG_WARN_UNREACHABLE_CODE = YES;
				CLANG_WARN__DUPLICATE_METHOD_MATCH = YES;
				CODE_SIGN_IDENTITY = "iPhone Developer";
				COPY_PHASE_STRIP = NO;
				DEBUG_INFORMATION_FORMAT = dwarf;
				ENABLE_STRICT_OBJC_MSGSEND = YES;
				ENABLE_TESTABILITY = YES;
				GCC_C_LANGUAGE_STANDARD = gnu11;
				GCC_DYNAMIC_NO_PIC = NO;
				GCC_NO_COMMON_BLOCKS = YES;
				GCC_OPTIMIZATION_LEVEL = 0;
				GCC_PREPROCESSOR_DEFINITIONS = (
					"DEBUG=1",
					"$(inherited)",
				);
				GCC_WARN_64_TO_32_BIT_CONVERSION = YES;
				GCC_WARN_ABOUT_RETURN_TYPE = YES_ERROR;
				GCC_WARN_UNDECLARED_SELECTOR = YES;
				GCC_WARN_UNINITIALIZED_AUTOS = YES_AGGRESSIVE;
				GCC_WARN_UNUSED_FUNCTION = YES;
				GCC_WARN_UNUSED_VARIABLE = YES;
				IPHONEOS_DEPLOYMENT_TARGET = 11.4;
				MTL_ENABLE_DEBUG_INFO = YES;
				ONLY_ACTIVE_ARCH = YES;
				SDKROOT = iphoneos;
			};
			name = Debug;
		};
		3778D06C20CE56ED00C5EDE9 /* Release */ = {
			isa = XCBuildConfiguration;
			buildSettings = {
				ALWAYS_SEARCH_USER_PATHS = NO;
				CLANG_ANALYZER_NONNULL = YES;
				CLANG_ANALYZER_NUMBER_OBJECT_CONVERSION = YES_AGGRESSIVE;
				CLANG_CXX_LANGUAGE_STANDARD = "gnu++14";
				CLANG_CXX_LIBRARY = "libc++";
				CLANG_ENABLE_MODULES = YES;
				CLANG_ENABLE_OBJC_ARC = YES;
				CLANG_ENABLE_OBJC_WEAK = YES;
				CLANG_WARN_BLOCK_CAPTURE_AUTORELEASING = YES;
				CLANG_WARN_BOOL_CONVERSION = YES;
				CLANG_WARN_COMMA = YES;
				CLANG_WARN_CONSTANT_CONVERSION = YES;
				CLANG_WARN_DEPRECATED_OBJC_IMPLEMENTATIONS = YES;
				CLANG_WARN_DIRECT_OBJC_ISA_USAGE = YES_ERROR;
				CLANG_WARN_DOCUMENTATION_COMMENTS = YES;
				CLANG_WARN_EMPTY_BODY = YES;
				CLANG_WARN_ENUM_CONVERSION = YES;
				CLANG_WARN_INFINITE_RECURSION = YES;
				CLANG_WARN_INT_CONVERSION = YES;
				CLANG_WARN_NON_LITERAL_NULL_CONVERSION = YES;
				CLANG_WARN_OBJC_IMPLICIT_RETAIN_SELF = YES;
				CLANG_WARN_OBJC_LITERAL_CONVERSION = YES;
				CLANG_WARN_OBJC_ROOT_CLASS = YES_ERROR;
				CLANG_WARN_RANGE_LOOP_ANALYSIS = YES;
				CLANG_WARN_STRICT_PROTOTYPES = YES;
				CLANG_WARN_SUSPICIOUS_MOVE = YES;
				CLANG_WARN_UNGUARDED_AVAILABILITY = YES_AGGRESSIVE;
				CLANG_WARN_UNREACHABLE_CODE = YES;
				CLANG_WARN__DUPLICATE_METHOD_MATCH = YES;
				CODE_SIGN_IDENTITY = "iPhone Developer";
				COPY_PHASE_STRIP = NO;
				DEBUG_INFORMATION_FORMAT = "dwarf-with-dsym";
				ENABLE_NS_ASSERTIONS = NO;
				ENABLE_STRICT_OBJC_MSGSEND = YES;
				GCC_C_LANGUAGE_STANDARD = gnu11;
				GCC_NO_COMMON_BLOCKS = YES;
				GCC_WARN_64_TO_32_BIT_CONVERSION = YES;
				GCC_WARN_ABOUT_RETURN_TYPE = YES_ERROR;
				GCC_WARN_UNDECLARED_SELECTOR = YES;
				GCC_WARN_UNINITIALIZED_AUTOS = YES_AGGRESSIVE;
				GCC_WARN_UNUSED_FUNCTION = YES;
				GCC_WARN_UNUSED_VARIABLE = YES;
				IPHONEOS_DEPLOYMENT_TARGET = 11.4;
				MTL_ENABLE_DEBUG_INFO = NO;
				SDKROOT = iphoneos;
				VALIDATE_PRODUCT = YES;
			};
			name = Release;
		};
		3778D06E20CE56ED00C5EDE9 /* Debug */ = {
			isa = XCBuildConfiguration;
			buildSettings = {
				ASSETCATALOG_COMPILER_APPICON_NAME = AppIcon;
				CODE_SIGN_STYLE = Automatic;
				DEVELOPMENT_TEAM = PC3SZGVYD9;
				GCC_PREPROCESSOR_DEFINITIONS = (
					"DEBUG=1",
					"$(inherited)",
					"DEV_VERSION=1",
				);
				INFOPLIST_FILE = TargetsTest/Info.plist;
				LD_RUNPATH_SEARCH_PATHS = (
					"$(inherited)",
					"@executable_path/Frameworks",
				);
				PRODUCT_BUNDLE_IDENTIFIER = com.TargetsTestx;
				PRODUCT_NAME = "$(TARGET_NAME)";
				TARGETED_DEVICE_FAMILY = "1,2";
			};
			name = Debug;
		};
		3778D06F20CE56ED00C5EDE9 /* Release */ = {
			isa = XCBuildConfiguration;
			buildSettings = {
				ASSETCATALOG_COMPILER_APPICON_NAME = AppIcon;
				CODE_SIGN_STYLE = Automatic;
				DEVELOPMENT_TEAM = PC3SZGVYD9;
				GCC_PREPROCESSOR_DEFINITIONS = "DEV_VERSION=1";
				INFOPLIST_FILE = TargetsTest/Info.plist;
				LD_RUNPATH_SEARCH_PATHS = (
					"$(inherited)",
					"@executable_path/Frameworks",
				);
				PRODUCT_BUNDLE_IDENTIFIER = com.TargetsTestx;
				PRODUCT_NAME = "$(TARGET_NAME)";
				TARGETED_DEVICE_FAMILY = "1,2";
			};
			name = Release;
		};
		3778D07120CE56ED00C5EDE9 /* Debug */ = {
			isa = XCBuildConfiguration;
			buildSettings = {
				BUNDLE_LOADER = "$(TEST_HOST)";
				CODE_SIGN_STYLE = Automatic;
				DEVELOPMENT_TEAM = PC3SZGVYD9;
				INFOPLIST_FILE = TargetsTestTests/Info.plist;
				LD_RUNPATH_SEARCH_PATHS = (
					"$(inherited)",
					"@executable_path/Frameworks",
					"@loader_path/Frameworks",
				);
				PRODUCT_BUNDLE_IDENTIFIER = com.TargetsTestTests;
				PRODUCT_NAME = "$(TARGET_NAME)";
				TARGETED_DEVICE_FAMILY = "1,2";
				TEST_HOST = "$(BUILT_PRODUCTS_DIR)/TargetsTest.app/TargetsTest";
			};
			name = Debug;
		};
		3778D07220CE56ED00C5EDE9 /* Release */ = {
			isa = XCBuildConfiguration;
			buildSettings = {
				BUNDLE_LOADER = "$(TEST_HOST)";
				CODE_SIGN_STYLE = Automatic;
				DEVELOPMENT_TEAM = PC3SZGVYD9;
				INFOPLIST_FILE = TargetsTestTests/Info.plist;
				LD_RUNPATH_SEARCH_PATHS = (
					"$(inherited)",
					"@executable_path/Frameworks",
					"@loader_path/Frameworks",
				);
				PRODUCT_BUNDLE_IDENTIFIER = com.TargetsTestTests;
				PRODUCT_NAME = "$(TARGET_NAME)";
				TARGETED_DEVICE_FAMILY = "1,2";
				TEST_HOST = "$(BUILT_PRODUCTS_DIR)/TargetsTest.app/TargetsTest";
			};
			name = Release;
		};
		3778D07420CE56ED00C5EDE9 /* Debug */ = {
			isa = XCBuildConfiguration;
			buildSettings = {
				CODE_SIGN_STYLE = Automatic;
				DEVELOPMENT_TEAM = PC3SZGVYD9;
				INFOPLIST_FILE = TargetsTestUITests/Info.plist;
				LD_RUNPATH_SEARCH_PATHS = (
					"$(inherited)",
					"@executable_path/Frameworks",
					"@loader_path/Frameworks",
				);
				PRODUCT_BUNDLE_IDENTIFIER = com.TargetsTestUITests;
				PRODUCT_NAME = "$(TARGET_NAME)";
				TARGETED_DEVICE_FAMILY = "1,2";
				TEST_TARGET_NAME = TargetsTest;
			};
			name = Debug;
		};
		3778D07520CE56ED00C5EDE9 /* Release */ = {
			isa = XCBuildConfiguration;
			buildSettings = {
				CODE_SIGN_STYLE = Automatic;
				DEVELOPMENT_TEAM = PC3SZGVYD9;
				INFOPLIST_FILE = TargetsTestUITests/Info.plist;
				LD_RUNPATH_SEARCH_PATHS = (
					"$(inherited)",
					"@executable_path/Frameworks",
					"@loader_path/Frameworks",
				);
				PRODUCT_BUNDLE_IDENTIFIER = com.TargetsTestUITests;
				PRODUCT_NAME = "$(TARGET_NAME)";
				TARGETED_DEVICE_FAMILY = "1,2";
				TEST_TARGET_NAME = TargetsTest;
			};
			name = Release;
		};
		3778D08120CE56F400C5EDE9 /* Debug */ = {
			isa = XCBuildConfiguration;
			buildSettings = {
				ASSETCATALOG_COMPILER_APPICON_NAME = "AppIcon-1";
				CODE_SIGN_STYLE = Automatic;
				DEVELOPMENT_TEAM = PC3SZGVYD9;
				GCC_PREPROCESSOR_DEFINITIONS = (
					"DEBUG=1",
					"$(inherited)",
					"DEV_VERSION=2",
				);
				INFOPLIST_FILE = "TargetsTest copy-Info.plist";
				IPHONEOS_DEPLOYMENT_TARGET = 9.0;
				LD_RUNPATH_SEARCH_PATHS = (
					"$(inherited)",
					"@executable_path/Frameworks",
				);
				PRODUCT_BUNDLE_IDENTIFIER = com.TargetsTest;
				PRODUCT_NAME = "$(TARGET_NAME)";
				TARGETED_DEVICE_FAMILY = "1,2";
			};
			name = Debug;
		};
		3778D08220CE56F400C5EDE9 /* Release */ = {
			isa = XCBuildConfiguration;
			buildSettings = {
				ASSETCATALOG_COMPILER_APPICON_NAME = "AppIcon-1";
				CODE_SIGN_STYLE = Automatic;
				DEVELOPMENT_TEAM = PC3SZGVYD9;
				GCC_PREPROCESSOR_DEFINITIONS = "DEV_VERSION=2";
				"GCC_PREPROCESSOR_DEFINITIONS[arch=*]" = "";
				INFOPLIST_FILE = "TargetsTest copy-Info.plist";
				IPHONEOS_DEPLOYMENT_TARGET = 9.0;
				LD_RUNPATH_SEARCH_PATHS = (
					"$(inherited)",
					"@executable_path/Frameworks",
				);
				PRODUCT_BUNDLE_IDENTIFIER = com.TargetsTest;
				PRODUCT_NAME = "$(TARGET_NAME)";
				TARGETED_DEVICE_FAMILY = "1,2";
			};
			name = Release;
		};
/* End XCBuildConfiguration section */

/* Begin XCConfigurationList section */
		3778D03C20CE56EC00C5EDE9 /* Build configuration list for PBXProject "TargetsTest" */ = {
			isa = XCConfigurationList;
			buildConfigurations = (
				3778D06B20CE56ED00C5EDE9 /* Debug */,
				3778D06C20CE56ED00C5EDE9 /* Release */,
			);
			defaultConfigurationIsVisible = 0;
			defaultConfigurationName = Release;
		};
		3778D06D20CE56ED00C5EDE9 /* Build configuration list for PBXNativeTarget "TargetsTest" */ = {
			isa = XCConfigurationList;
			buildConfigurations = (
				3778D06E20CE56ED00C5EDE9 /* Debug */,
				3778D06F20CE56ED00C5EDE9 /* Release */,
			);
			defaultConfigurationIsVisible = 0;
			defaultConfigurationName = Release;
		};
		3778D07020CE56ED00C5EDE9 /* Build configuration list for PBXNativeTarget "TargetsTestTests" */ = {
			isa = XCConfigurationList;
			buildConfigurations = (
				3778D07120CE56ED00C5EDE9 /* Debug */,
				3778D07220CE56ED00C5EDE9 /* Release */,
			);
			defaultConfigurationIsVisible = 0;
			defaultConfigurationName = Release;
		};
		3778D07320CE56ED00C5EDE9 /* Build configuration list for PBXNativeTarget "TargetsTestUITests" */ = {
			isa = XCConfigurationList;
			buildConfigurations = (
				3778D07420CE56ED00C5EDE9 /* Debug */,
				3778D07520CE56ED00C5EDE9 /* Release */,
			);
			defaultConfigurationIsVisible = 0;
			defaultConfigurationName = Release;
		};
		3778D08020CE56F400C5EDE9 /* Build configuration list for PBXNativeTarget "TargetsTestNew" */ = {
			isa = XCConfigurationList;
			buildConfigurations = (
				3778D08120CE56F400C5EDE9 /* Debug */,
				3778D08220CE56F400C5EDE9 /* Release */,
			);
			defaultConfigurationIsVisible = 0;
			defaultConfigurationName = Release;
		};
/* End XCConfigurationList section */
	};
	rootObject = 3778D03920CE56EC00C5EDE9 /* Project object */;
}
